<Solution>
  <Folder Name="/samples/">
    <Project Path="samples/ExcelSample/ExcelSample.csproj" />
  </Folder>
  <Folder Name="/src/">
    <Project Path="src/ExcelTool/AutreMachine.ExcelTools.csproj" />
  </Folder>
  <Folder Name="/tests/">
    <Project Path="tests/ExcelTool.Tests/ExcelTool.Tests.csproj" />
  </Folder>
</Solution>
